
Microsoft Visual Studio Solution File, Format Version 12.00
# Visual Studio for Mac
Project("{FAE04EC0-301F-11D3-BF4B-00C04F79EFBC}") = "Assembly-CSharp", "Assembly-CSharp.csproj", "{9552C203-7F21-C6DE-BEBE-FAA62D476BC2}"
EndProject
Project("{FAE04EC0-301F-11D3-BF4B-00C04F79EFBC}") = "NavMeshComponents", "NavMeshComponents.csproj", "{50D65B9D-A767-784D-1F7B-577153821E28}"
EndProject
Project("{FAE04EC0-301F-11D3-BF4B-00C04F79EFBC}") = "Assembly-CSharp-Editor", "Assembly-CSharp-Editor.csproj", "{27514BE0-B9AF-1D21-3EF8-6B46C9783836}"
EndProject
Project("{FAE04EC0-301F-11D3-BF4B-00C04F79EFBC}") = "NavMeshComponentsEditor", "NavMeshComponentsEditor.csproj", "{EA1319EC-168E-F150-DE5F-791A81AB5488}"
EndProject
Global
	GlobalSection(SolutionConfigurationPlatforms) = preSolution
		Debug|Any CPU = Debug|Any CPU
		Release|Any CPU = Release|Any CPU
	EndGlobalSection
	GlobalSection(ProjectConfigurationPlatforms) = postSolution
		{9552C203-7F21-C6DE-BEBE-FAA62D476BC2}.Debug|Any CPU.ActiveCfg = Debug|Any CPU
		{9552C203-7F21-C6DE-BEBE-FAA62D476BC2}.Debug|Any CPU.Build.0 = Debug|Any CPU
		{9552C203-7F21-C6DE-BEBE-FAA62D476BC2}.Release|Any CPU.ActiveCfg = Release|Any CPU
		{9552C203-7F21-C6DE-BEBE-FAA62D476BC2}.Release|Any CPU.Build.0 = Release|Any CPU
		{50D65B9D-A767-784D-1F7B-577153821E28}.Debug|Any CPU.ActiveCfg = Debug|Any CPU
		{50D65B9D-A767-784D-1F7B-577153821E28}.Debug|Any CPU.Build.0 = Debug|Any CPU
		{50D65B9D-A767-784D-1F7B-577153821E28}.Release|Any CPU.ActiveCfg = Release|Any CPU
		{50D65B9D-A767-784D-1F7B-577153821E28}.Release|Any CPU.Build.0 = Release|Any CPU
		{27514BE0-B9AF-1D21-3EF8-6B46C9783836}.Debug|Any CPU.ActiveCfg = Debug|Any CPU
		{27514BE0-B9AF-1D21-3EF8-6B46C9783836}.Debug|Any CPU.Build.0 = Debug|Any CPU
		{27514BE0-B9AF-1D21-3EF8-6B46C9783836}.Release|Any CPU.ActiveCfg = Release|Any CPU
		{27514BE0-B9AF-1D21-3EF8-6B46C9783836}.Release|Any CPU.Build.0 = Release|Any CPU
		{EA1319EC-168E-F150-DE5F-791A81AB5488}.Debug|Any CPU.ActiveCfg = Debug|Any CPU
		{EA1319EC-168E-F150-DE5F-791A81AB5488}.Debug|Any CPU.Build.0 = Debug|Any CPU
		{EA1319EC-168E-F150-DE5F-791A81AB5488}.Release|Any CPU.ActiveCfg = Release|Any CPU
		{EA1319EC-168E-F150-DE5F-791A81AB5488}.Release|Any CPU.Build.0 = Release|Any CPU
	EndGlobalSection
	GlobalSection(SolutionProperties) = preSolution
		HideSolutionNode = FALSE
	EndGlobalSection
	GlobalSection(MonoDevelopProperties) = preSolution
		StartupItem = Assembly-CSharp.csproj
	EndGlobalSection
EndGlobal
